
Microsoft Visual Studio Solution File, Format Version 12.00
# Visual Studio Version 17
VisualStudioVersion = 17.1.32421.90
MinimumVisualStudioVersion = 10.0.40219.1
Project("{FAE04EC0-301F-11D3-BF4B-00C04F79EFBC}") = "backend-jwt", "backend-jwt\backend-jwt.csproj", "{121E3814-33F6-43ED-9EA8-61A7306A7732}"
EndProject
Global
	GlobalSection(SolutionConfigurationPlatforms) = preSolution
		Debug|Any CPU = Debug|Any CPU
		Release|Any CPU = Release|Any CPU
	EndGlobalSection
	GlobalSection(ProjectConfigurationPlatforms) = postSolution
		{121E3814-33F6-43ED-9EA8-61A7306A7732}.Debug|Any CPU.ActiveCfg = Debug|Any CPU
		{121E3814-33F6-43ED-9EA8-61A7306A7732}.Debug|Any CPU.Build.0 = Debug|Any CPU
		{121E3814-33F6-43ED-9EA8-61A7306A7732}.Release|Any CPU.ActiveCfg = Release|Any CPU
		{121E3814-33F6-43ED-9EA8-61A7306A7732}.Release|Any CPU.Build.0 = Release|Any CPU
	EndGlobalSection
	GlobalSection(SolutionProperties) = preSolution
		HideSolutionNode = FALSE
	EndGlobalSection
	GlobalSection(ExtensibilityGlobals) = postSolution
		SolutionGuid = {30206C33-932E-449F-A606-95A115A03045}
	EndGlobalSection
EndGlobal
